
Microsoft Visual Studio Solution File, Format Version 12.00
# Visual Studio Version 17
VisualStudioVersion = 17.2.32616.157
MinimumVisualStudioVersion = 10.0.40219.1
Project("{FAE04EC0-301F-11D3-BF4B-00C04F79EFBC}") = "CrudWebApplication", "CrudWebApplication\CrudWebApplication.csproj", "{BD3B9A2B-171F-4FA7-B9A6-AE4283160788}"
EndProject
Project("{FAE04EC0-301F-11D3-BF4B-00C04F79EFBC}") = "EmployeesData", "EmployeesData\EmployeesData.csproj", "{633C04AB-CFB1-4CBF-BED1-F963B3BCD5FA}"
EndProject
Global
	GlobalSection(SolutionConfigurationPlatforms) = preSolution
		Debug|Any CPU = Debug|Any CPU
		Release|Any CPU = Release|Any CPU
	EndGlobalSection
	GlobalSection(ProjectConfigurationPlatforms) = postSolution
		{BD3B9A2B-171F-4FA7-B9A6-AE4283160788}.Debug|Any CPU.ActiveCfg = Debug|Any CPU
		{BD3B9A2B-171F-4FA7-B9A6-AE4283160788}.Debug|Any CPU.Build.0 = Debug|Any CPU
		{BD3B9A2B-171F-4FA7-B9A6-AE4283160788}.Release|Any CPU.ActiveCfg = Release|Any CPU
		{BD3B9A2B-171F-4FA7-B9A6-AE4283160788}.Release|Any CPU.Build.0 = Release|Any CPU
		{633C04AB-CFB1-4CBF-BED1-F963B3BCD5FA}.Debug|Any CPU.ActiveCfg = Debug|Any CPU
		{633C04AB-CFB1-4CBF-BED1-F963B3BCD5FA}.Debug|Any CPU.Build.0 = Debug|Any CPU
		{633C04AB-CFB1-4CBF-BED1-F963B3BCD5FA}.Release|Any CPU.ActiveCfg = Release|Any CPU
		{633C04AB-CFB1-4CBF-BED1-F963B3BCD5FA}.Release|Any CPU.Build.0 = Release|Any CPU
	EndGlobalSection
	GlobalSection(SolutionProperties) = preSolution
		HideSolutionNode = FALSE
	EndGlobalSection
	GlobalSection(ExtensibilityGlobals) = postSolution
		SolutionGuid = {79732D19-39C9-4DDC-875D-FC40C629EC25}
	EndGlobalSection
EndGlobal
